
Microsoft Visual Studio Solution File, Format Version 12.00
# Visual Studio 15
VisualStudioVersion = 15.0.27428.2043
MinimumVisualStudioVersion = 10.0.40219.1
Project("{FAE04EC0-301F-11D3-BF4B-00C04F79EFBC}") = "B2503", "B2503\B2503.csproj", "{F1E60824-00DC-42E5-9D36-FE9CD4BB5AA8}"
EndProject
Project("{2150E333-8FDC-42A3-9474-1A3956D46DE8}") = "DB", "DB", "{4C367988-BD50-49BE-B42E-0ABA21C9427D}"
EndProject
Global
	GlobalSection(SolutionConfigurationPlatforms) = preSolution
		Debug|Any CPU = Debug|Any CPU
		Release|Any CPU = Release|Any CPU
	EndGlobalSection
	GlobalSection(ProjectConfigurationPlatforms) = postSolution
		{F1E60824-00DC-42E5-9D36-FE9CD4BB5AA8}.Debug|Any CPU.ActiveCfg = Debug|Any CPU
		{F1E60824-00DC-42E5-9D36-FE9CD4BB5AA8}.Debug|Any CPU.Build.0 = Debug|Any CPU
		{F1E60824-00DC-42E5-9D36-FE9CD4BB5AA8}.Release|Any CPU.ActiveCfg = Release|Any CPU
		{F1E60824-00DC-42E5-9D36-FE9CD4BB5AA8}.Release|Any CPU.Build.0 = Release|Any CPU
	EndGlobalSection
	GlobalSection(SolutionProperties) = preSolution
		HideSolutionNode = FALSE
	EndGlobalSection
	GlobalSection(ExtensibilityGlobals) = postSolution
		SolutionGuid = {27E1A63E-152B-43C4-A8CA-A4FDF53A60BD}
	EndGlobalSection
EndGlobal
